
Microsoft Visual Studio Solution File, Format Version 12.00
# Visual Studio Version 16
VisualStudioVersion = 16.0.29519.87
MinimumVisualStudioVersion = 10.0.40219.1
Project("{9092AA53-FB77-4645-B42D-1CCCA6BD08BD}") = "LaraClient", "LaraClient\LaraClient.njsproj", "{6F0BEE5A-5C72-4DCB-9173-BD17BA95A76F}"
EndProject
Global
	GlobalSection(SolutionConfigurationPlatforms) = preSolution
		Debug|Any CPU = Debug|Any CPU
		Release|Any CPU = Release|Any CPU
	EndGlobalSection
	GlobalSection(ProjectConfigurationPlatforms) = postSolution
		{6F0BEE5A-5C72-4DCB-9173-BD17BA95A76F}.Debug|Any CPU.ActiveCfg = Debug|Any CPU
		{6F0BEE5A-5C72-4DCB-9173-BD17BA95A76F}.Debug|Any CPU.Build.0 = Debug|Any CPU
		{6F0BEE5A-5C72-4DCB-9173-BD17BA95A76F}.Release|Any CPU.ActiveCfg = Release|Any CPU
		{6F0BEE5A-5C72-4DCB-9173-BD17BA95A76F}.Release|Any CPU.Build.0 = Release|Any CPU
	EndGlobalSection
	GlobalSection(SolutionProperties) = preSolution
		HideSolutionNode = FALSE
	EndGlobalSection
	GlobalSection(ExtensibilityGlobals) = postSolution
		SolutionGuid = {3770CCA5-4282-46C3-9C5D-65FC0534FF93}
	EndGlobalSection
EndGlobal
